// !$*UTF8*$!
{
	archiveVersion = 1;
	classes = {
	};
	objectVersion = 56;
	objects = {

/* Begin PBXBuildFile section */
		5D018E5B2995CE7100EC7C0B /* AppDelegate.swift in Sources */ = {isa = PBXBuildFile; fileRef = 5D018E5A2995CE7100EC7C0B /* AppDelegate.swift */; };
		5D018E5F2995CE7100EC7C0B /* MainViewController.swift in Sources */ = {isa = PBXBuildFile; fileRef = 5D018E5E2995CE7100EC7C0B /* MainViewController.swift */; };
		5D018E642995CE7300EC7C0B /* Assets.xcassets in Resources */ = {isa = PBXBuildFile; fileRef = 5D018E632995CE7300EC7C0B /* Assets.xcassets */; };
		5D018E702995CF9E00EC7C0B /* LaunchScreen.storyboard in Resources */ = {isa = PBXBuildFile; fileRef = 5D018E6E2995CF9D00EC7C0B /* LaunchScreen.storyboard */; };
		5D066DEA299CBE09005A7B90 /* SwiftUIViewKit in Frameworks */ = {isa = PBXBuildFile; productRef = 5D066DE9299CBE09005A7B90 /* SwiftUIViewKit */; };
		5D8F8027299635EB00745DFA /* SwiftUIViewKit in Frameworks */ = {isa = PBXBuildFile; productRef = 5D8F8026299635EB00745DFA /* SwiftUIViewKit */; };
		5DA996AA2995D4B7008CF125 /* MainView.swift in Sources */ = {isa = PBXBuildFile; fileRef = 5DA996A92995D4B7008CF125 /* MainView.swift */; };
		5DFA66422996145300A07A25 /* RxCocoa in Frameworks */ = {isa = PBXBuildFile; productRef = 5DFA66412996145300A07A25 /* RxCocoa */; };
		5DFA66442996145300A07A25 /* RxRelay in Frameworks */ = {isa = PBXBuildFile; productRef = 5DFA66432996145300A07A25 /* RxRelay */; };
		5DFA66462996145300A07A25 /* RxSwift in Frameworks */ = {isa = PBXBuildFile; productRef = 5DFA66452996145300A07A25 /* RxSwift */; };
		5DFA664B29961AA800A07A25 /* SnapKit in Frameworks */ = {isa = PBXBuildFile; productRef = 5DFA664A29961AA800A07A25 /* SnapKit */; };
		5DFA664D299628EC00A07A25 /* MainViewModel.swift in Sources */ = {isa = PBXBuildFile; fileRef = 5DFA664C299628EC00A07A25 /* MainViewModel.swift */; };
		5DFA664F29962C1900A07A25 /* RxSwiftExtensions.swift in Sources */ = {isa = PBXBuildFile; fileRef = 5DFA664E29962C1900A07A25 /* RxSwiftExtensions.swift */; };
/* End PBXBuildFile section */

/* Begin PBXCopyFilesBuildPhase section */
		5D6666592995E99900185AFD /* Embed Frameworks */ = {
			isa = PBXCopyFilesBuildPhase;
			buildActionMask = 2147483647;
			dstPath = "";
			dstSubfolderSpec = 10;
			files = (
			);
			name = "Embed Frameworks";
			runOnlyForDeploymentPostprocessing = 0;
		};
/* End PBXCopyFilesBuildPhase section */

/* Begin PBXFileReference section */
		5D018E572995CE7100EC7C0B /* SwiftUIViewKitSampleApp.app */ = {isa = PBXFileReference; explicitFileType = wrapper.application; includeInIndex = 0; path = SwiftUIViewKitSampleApp.app; sourceTree = BUILT_PRODUCTS_DIR; };
		5D018E5A2995CE7100EC7C0B /* AppDelegate.swift */ = {isa = PBXFileReference; lastKnownFileType = sourcecode.swift; path = AppDelegate.swift; sourceTree = "<group>"; };
		5D018E5E2995CE7100EC7C0B /* MainViewController.swift */ = {isa = PBXFileReference; lastKnownFileType = sourcecode.swift; path = MainViewController.swift; sourceTree = "<group>"; };
		5D018E632995CE7300EC7C0B /* Assets.xcassets */ = {isa = PBXFileReference; lastKnownFileType = folder.assetcatalog; path = Assets.xcassets; sourceTree = "<group>"; };
		5D018E682995CE7300EC7C0B /* Info.plist */ = {isa = PBXFileReference; lastKnownFileType = text.plist.xml; path = Info.plist; sourceTree = "<group>"; };
		5D018E6F2995CF9D00EC7C0B /* Base */ = {isa = PBXFileReference; lastKnownFileType = file.storyboard; name = Base; path = Base.lproj/LaunchScreen.storyboard; sourceTree = "<group>"; };
		5DA996A92995D4B7008CF125 /* MainView.swift */ = {isa = PBXFileReference; lastKnownFileType = sourcecode.swift; path = MainView.swift; sourceTree = "<group>"; };
		5DFA664C299628EC00A07A25 /* MainViewModel.swift */ = {isa = PBXFileReference; lastKnownFileType = sourcecode.swift; path = MainViewModel.swift; sourceTree = "<group>"; };
		5DFA664E29962C1900A07A25 /* RxSwiftExtensions.swift */ = {isa = PBXFileReference; lastKnownFileType = sourcecode.swift; path = RxSwiftExtensions.swift; sourceTree = "<group>"; };
/* End PBXFileReference section */

/* Begin PBXFrameworksBuildPhase section */
		5D018E542995CE7100EC7C0B /* Frameworks */ = {
			isa = PBXFrameworksBuildPhase;
			buildActionMask = 2147483647;
			files = (
				5D8F8027299635EB00745DFA /* SwiftUIViewKit in Frameworks */,
				5DFA66422996145300A07A25 /* RxCocoa in Frameworks */,
				5D066DEA299CBE09005A7B90 /* SwiftUIViewKit in Frameworks */,
				5DFA66462996145300A07A25 /* RxSwift in Frameworks */,
				5DFA664B29961AA800A07A25 /* SnapKit in Frameworks */,
				5DFA66442996145300A07A25 /* RxRelay in Frameworks */,
			);
			runOnlyForDeploymentPostprocessing = 0;
		};
/* End PBXFrameworksBuildPhase section */

/* Begin PBXGroup section */
		5D018E4E2995CE7100EC7C0B = {
			isa = PBXGroup;
			children = (
				5D018E592995CE7100EC7C0B /* SwiftUIViewKitSampleApp */,
				5D018E582995CE7100EC7C0B /* Products */,
				5D6666552995E98F00185AFD /* Frameworks */,
			);
			sourceTree = "<group>";
		};
		5D018E582995CE7100EC7C0B /* Products */ = {
			isa = PBXGroup;
			children = (
				5D018E572995CE7100EC7C0B /* SwiftUIViewKitSampleApp.app */,
			);
			name = Products;
			sourceTree = "<group>";
		};
		5D018E592995CE7100EC7C0B /* SwiftUIViewKitSampleApp */ = {
			isa = PBXGroup;
			children = (
				5D018E6E2995CF9D00EC7C0B /* LaunchScreen.storyboard */,
				5D018E5A2995CE7100EC7C0B /* AppDelegate.swift */,
				5D018E742995D21C00EC7C0B /* Utilities */,
				5DA996A82995D49F008CF125 /* Main */,
				5D018E632995CE7300EC7C0B /* Assets.xcassets */,
				5D018E682995CE7300EC7C0B /* Info.plist */,
			);
			path = SwiftUIViewKitSampleApp;
			sourceTree = "<group>";
		};
		5D018E742995D21C00EC7C0B /* Utilities */ = {
			isa = PBXGroup;
			children = (
				5DFA664E29962C1900A07A25 /* RxSwiftExtensions.swift */,
			);
			path = Utilities;
			sourceTree = "<group>";
		};
		5D6666552995E98F00185AFD /* Frameworks */ = {
			isa = PBXGroup;
			children = (
			);
			name = Frameworks;
			sourceTree = "<group>";
		};
		5DA996A82995D49F008CF125 /* Main */ = {
			isa = PBXGroup;
			children = (
				5DA996A92995D4B7008CF125 /* MainView.swift */,
				5DFA664C299628EC00A07A25 /* MainViewModel.swift */,
				5D018E5E2995CE7100EC7C0B /* MainViewController.swift */,
			);
			path = Main;
			sourceTree = "<group>";
		};
/* End PBXGroup section */

/* Begin PBXNativeTarget section */
		5D018E562995CE7100EC7C0B /* SwiftUIViewKitSampleApp */ = {
			isa = PBXNativeTarget;
			buildConfigurationList = 5D018E6B2995CE7300EC7C0B /* Build configuration list for PBXNativeTarget "SwiftUIViewKitSampleApp" */;
			buildPhases = (
				5D018E532995CE7100EC7C0B /* Sources */,
				5D018E542995CE7100EC7C0B /* Frameworks */,
				5D018E552995CE7100EC7C0B /* Resources */,
				5D6666592995E99900185AFD /* Embed Frameworks */,
			);
			buildRules = (
			);
			dependencies = (
			);
			name = SwiftUIViewKitSampleApp;
			packageProductDependencies = (
				5DFA66412996145300A07A25 /* RxCocoa */,
				5DFA66432996145300A07A25 /* RxRelay */,
				5DFA66452996145300A07A25 /* RxSwift */,
				5DFA664A29961AA800A07A25 /* SnapKit */,
				5D8F8026299635EB00745DFA /* SwiftUIViewKit */,
				5D066DE9299CBE09005A7B90 /* SwiftUIViewKit */,
			);
			productName = SwiftUIViewKitSampleApp;
			productReference = 5D018E572995CE7100EC7C0B /* SwiftUIViewKitSampleApp.app */;
			productType = "com.apple.product-type.application";
		};
/* End PBXNativeTarget section */

/* Begin PBXProject section */
		5D018E4F2995CE7100EC7C0B /* Project object */ = {
			isa = PBXProject;
			attributes = {
				BuildIndependentTargetsInParallel = 1;
				LastSwiftUpdateCheck = 1420;
				LastUpgradeCheck = 1420;
				TargetAttributes = {
					5D018E562995CE7100EC7C0B = {
						CreatedOnToolsVersion = 14.2;
					};
				};
			};
			buildConfigurationList = 5D018E522995CE7100EC7C0B /* Build configuration list for PBXProject "SwiftUIViewKitSampleApp" */;
			compatibilityVersion = "Xcode 14.0";
			developmentRegion = en;
			hasScannedForEncodings = 0;
			knownRegions = (
				en,
				Base,
			);
			mainGroup = 5D018E4E2995CE7100EC7C0B;
			packageReferences = (
				5DFA663D2996144400A07A25 /* XCRemoteSwiftPackageReference "SnapKit" */,
				5DFA66402996145300A07A25 /* XCRemoteSwiftPackageReference "RxSwift" */,
				5D066DE8299CBE09005A7B90 /* XCRemoteSwiftPackageReference "SwiftUIViewKit" */,
			);
			productRefGroup = 5D018E582995CE7100EC7C0B /* Products */;
			projectDirPath = "";
			projectRoot = "";
			targets = (
				5D018E562995CE7100EC7C0B /* SwiftUIViewKitSampleApp */,
			);
		};
/* End PBXProject section */

/* Begin PBXResourcesBuildPhase section */
		5D018E552995CE7100EC7C0B /* Resources */ = {
			isa = PBXResourcesBuildPhase;
			buildActionMask = 2147483647;
			files = (
				5D018E642995CE7300EC7C0B /* Assets.xcassets in Resources */,
				5D018E702995CF9E00EC7C0B /* LaunchScreen.storyboard in Resources */,
			);
			runOnlyForDeploymentPostprocessing = 0;
		};
/* End PBXResourcesBuildPhase section */

/* Begin PBXSourcesBuildPhase section */
		5D018E532995CE7100EC7C0B /* Sources */ = {
			isa = PBXSourcesBuildPhase;
			buildActionMask = 2147483647;
			files = (
				5D018E5F2995CE7100EC7C0B /* MainViewController.swift in Sources */,
				5DA996AA2995D4B7008CF125 /* MainView.swift in Sources */,
				5DFA664F29962C1900A07A25 /* RxSwiftExtensions.swift in Sources */,
				5D018E5B2995CE7100EC7C0B /* AppDelegate.swift in Sources */,
				5DFA664D299628EC00A07A25 /* MainViewModel.swift in Sources */,
			);
			runOnlyForDeploymentPostprocessing = 0;
		};
/* End PBXSourcesBuildPhase section */

/* Begin PBXVariantGroup section */
		5D018E6E2995CF9D00EC7C0B /* LaunchScreen.storyboard */ = {
			isa = PBXVariantGroup;
			children = (
				5D018E6F2995CF9D00EC7C0B /* Base */,
			);
			name = LaunchScreen.storyboard;
			sourceTree = "<group>";
		};
/* End PBXVariantGroup section */

/* Begin XCBuildConfiguration section */
		5D018E692995CE7300EC7C0B /* Debug */ = {
			isa = XCBuildConfiguration;
			buildSettings = {
				ALWAYS_SEARCH_USER_PATHS = NO;
				CLANG_ANALYZER_NONNULL = YES;
				CLANG_ANALYZER_NUMBER_OBJECT_CONVERSION = YES_AGGRESSIVE;
				CLANG_CXX_LANGUAGE_STANDARD = "gnu++20";
				CLANG_ENABLE_MODULES = YES;
				CLANG_ENABLE_OBJC_ARC = YES;
				CLANG_ENABLE_OBJC_WEAK = YES;
				CLANG_WARN_BLOCK_CAPTURE_AUTORELEASING = YES;
				CLANG_WARN_BOOL_CONVERSION = YES;
				CLANG_WARN_COMMA = YES;
				CLANG_WARN_CONSTANT_CONVERSION = YES;
				CLANG_WARN_DEPRECATED_OBJC_IMPLEMENTATIONS = YES;
				CLANG_WARN_DIRECT_OBJC_ISA_USAGE = YES_ERROR;
				CLANG_WARN_DOCUMENTATION_COMMENTS = YES;
				CLANG_WARN_EMPTY_BODY = YES;
				CLANG_WARN_ENUM_CONVERSION = YES;
				CLANG_WARN_INFINITE_RECURSION = YES;
				CLANG_WARN_INT_CONVERSION = YES;
				CLANG_WARN_NON_LITERAL_NULL_CONVERSION = YES;
				CLANG_WARN_OBJC_IMPLICIT_RETAIN_SELF = YES;
				CLANG_WARN_OBJC_LITERAL_CONVERSION = YES;
				CLANG_WARN_OBJC_ROOT_CLASS = YES_ERROR;
				CLANG_WARN_QUOTED_INCLUDE_IN_FRAMEWORK_HEADER = YES;
				CLANG_WARN_RANGE_LOOP_ANALYSIS = YES;
				CLANG_WARN_STRICT_PROTOTYPES = YES;
				CLANG_WARN_SUSPICIOUS_MOVE = YES;
				CLANG_WARN_UNGUARDED_AVAILABILITY = YES_AGGRESSIVE;
				CLANG_WARN_UNREACHABLE_CODE = YES;
				CLANG_WARN__DUPLICATE_METHOD_MATCH = YES;
				COPY_PHASE_STRIP = NO;
				DEBUG_INFORMATION_FORMAT = dwarf;
				ENABLE_STRICT_OBJC_MSGSEND = YES;
				ENABLE_TESTABILITY = YES;
				GCC_C_LANGUAGE_STANDARD = gnu11;
				GCC_DYNAMIC_NO_PIC = NO;
				GCC_NO_COMMON_BLOCKS = YES;
				GCC_OPTIMIZATION_LEVEL = 0;
				GCC_PREPROCESSOR_DEFINITIONS = (
					"DEBUG=1",
					"$(inherited)",
				);
				GCC_WARN_64_TO_32_BIT_CONVERSION = YES;
				GCC_WARN_ABOUT_RETURN_TYPE = YES_ERROR;
				GCC_WARN_UNDECLARED_SELECTOR = YES;
				GCC_WARN_UNINITIALIZED_AUTOS = YES_AGGRESSIVE;
				GCC_WARN_UNUSED_FUNCTION = YES;
				GCC_WARN_UNUSED_VARIABLE = YES;
				IPHONEOS_DEPLOYMENT_TARGET = 16.2;
				MTL_ENABLE_DEBUG_INFO = INCLUDE_SOURCE;
				MTL_FAST_MATH = YES;
				ONLY_ACTIVE_ARCH = YES;
				SDKROOT = iphoneos;
				SWIFT_ACTIVE_COMPILATION_CONDITIONS = DEBUG;
				SWIFT_OPTIMIZATION_LEVEL = "-Onone";
			};
			name = Debug;
		};
		5D018E6A2995CE7300EC7C0B /* Release */ = {
			isa = XCBuildConfiguration;
			buildSettings = {
				ALWAYS_SEARCH_USER_PATHS = NO;
				CLANG_ANALYZER_NONNULL = YES;
				CLANG_ANALYZER_NUMBER_OBJECT_CONVERSION = YES_AGGRESSIVE;
				CLANG_CXX_LANGUAGE_STANDARD = "gnu++20";
				CLANG_ENABLE_MODULES = YES;
				CLANG_ENABLE_OBJC_ARC = YES;
				CLANG_ENABLE_OBJC_WEAK = YES;
				CLANG_WARN_BLOCK_CAPTURE_AUTORELEASING = YES;
				CLANG_WARN_BOOL_CONVERSION = YES;
				CLANG_WARN_COMMA = YES;
				CLANG_WARN_CONSTANT_CONVERSION = YES;
				CLANG_WARN_DEPRECATED_OBJC_IMPLEMENTATIONS = YES;
				CLANG_WARN_DIRECT_OBJC_ISA_USAGE = YES_ERROR;
				CLANG_WARN_DOCUMENTATION_COMMENTS = YES;
				CLANG_WARN_EMPTY_BODY = YES;
				CLANG_WARN_ENUM_CONVERSION = YES;
				CLANG_WARN_INFINITE_RECURSION = YES;
				CLANG_WARN_INT_CONVERSION = YES;
				CLANG_WARN_NON_LITERAL_NULL_CONVERSION = YES;
				CLANG_WARN_OBJC_IMPLICIT_RETAIN_SELF = YES;
				CLANG_WARN_OBJC_LITERAL_CONVERSION = YES;
				CLANG_WARN_OBJC_ROOT_CLASS = YES_ERROR;
				CLANG_WARN_QUOTED_INCLUDE_IN_FRAMEWORK_HEADER = YES;
				CLANG_WARN_RANGE_LOOP_ANALYSIS = YES;
				CLANG_WARN_STRICT_PROTOTYPES = YES;
				CLANG_WARN_SUSPICIOUS_MOVE = YES;
				CLANG_WARN_UNGUARDED_AVAILABILITY = YES_AGGRESSIVE;
				CLANG_WARN_UNREACHABLE_CODE = YES;
				CLANG_WARN__DUPLICATE_METHOD_MATCH = YES;
				COPY_PHASE_STRIP = NO;
				DEBUG_INFORMATION_FORMAT = "dwarf-with-dsym";
				ENABLE_NS_ASSERTIONS = NO;
				ENABLE_STRICT_OBJC_MSGSEND = YES;
				GCC_C_LANGUAGE_STANDARD = gnu11;
				GCC_NO_COMMON_BLOCKS = YES;
				GCC_WARN_64_TO_32_BIT_CONVERSION = YES;
				GCC_WARN_ABOUT_RETURN_TYPE = YES_ERROR;
				GCC_WARN_UNDECLARED_SELECTOR = YES;
				GCC_WARN_UNINITIALIZED_AUTOS = YES_AGGRESSIVE;
				GCC_WARN_UNUSED_FUNCTION = YES;
				GCC_WARN_UNUSED_VARIABLE = YES;
				IPHONEOS_DEPLOYMENT_TARGET = 16.2;
				MTL_ENABLE_DEBUG_INFO = NO;
				MTL_FAST_MATH = YES;
				SDKROOT = iphoneos;
				SWIFT_COMPILATION_MODE = wholemodule;
				SWIFT_OPTIMIZATION_LEVEL = "-O";
				VALIDATE_PRODUCT = YES;
			};
			name = Release;
		};
		5D018E6C2995CE7300EC7C0B /* Debug */ = {
			isa = XCBuildConfiguration;
			buildSettings = {
				ASSETCATALOG_COMPILER_APPICON_NAME = AppIcon;
				ASSETCATALOG_COMPILER_GLOBAL_ACCENT_COLOR_NAME = AccentColor;
				CODE_SIGN_STYLE = Automatic;
				CURRENT_PROJECT_VERSION = 1;
				DEVELOPMENT_TEAM = "";
				GENERATE_INFOPLIST_FILE = YES;
				INFOPLIST_FILE = SwiftUIViewKitSampleApp/Info.plist;
				INFOPLIST_KEY_UIApplicationSupportsIndirectInputEvents = YES;
				INFOPLIST_KEY_UILaunchStoryboardName = LaunchScreen.storyboard;
				INFOPLIST_KEY_UISupportedInterfaceOrientations = UIInterfaceOrientationPortrait;
				INFOPLIST_KEY_UISupportedInterfaceOrientations_iPad = "UIInterfaceOrientationLandscapeLeft UIInterfaceOrientationLandscapeRight UIInterfaceOrientationPortrait UIInterfaceOrientationPortraitUpsideDown";
				IPHONEOS_DEPLOYMENT_TARGET = 13.0;
				LD_RUNPATH_SEARCH_PATHS = (
					"$(inherited)",
					"@executable_path/Frameworks",
				);
				MARKETING_VERSION = 1.0;
				PRODUCT_BUNDLE_IDENTIFIER = DEVOgre.SwiftUIViewKitSampleApp;
				PRODUCT_NAME = "$(TARGET_NAME)";
				SUPPORTED_PLATFORMS = "iphoneos iphonesimulator";
				SUPPORTS_MACCATALYST = NO;
				SUPPORTS_MAC_DESIGNED_FOR_IPHONE_IPAD = NO;
				SWIFT_EMIT_LOC_STRINGS = YES;
				SWIFT_VERSION = 5.0;
				TARGETED_DEVICE_FAMILY = 1;
			};
			name = Debug;
		};
		5D018E6D2995CE7300EC7C0B /* Release */ = {
			isa = XCBuildConfiguration;
			buildSettings = {
				ASSETCATALOG_COMPILER_APPICON_NAME = AppIcon;
				ASSETCATALOG_COMPILER_GLOBAL_ACCENT_COLOR_NAME = AccentColor;
				CODE_SIGN_STYLE = Automatic;
				CURRENT_PROJECT_VERSION = 1;
				DEVELOPMENT_TEAM = "";
				GENERATE_INFOPLIST_FILE = YES;
				INFOPLIST_FILE = SwiftUIViewKitSampleApp/Info.plist;
				INFOPLIST_KEY_UIApplicationSupportsIndirectInputEvents = YES;
				INFOPLIST_KEY_UILaunchStoryboardName = LaunchScreen.storyboard;
				INFOPLIST_KEY_UISupportedInterfaceOrientations = UIInterfaceOrientationPortrait;
				INFOPLIST_KEY_UISupportedInterfaceOrientations_iPad = "UIInterfaceOrientationLandscapeLeft UIInterfaceOrientationLandscapeRight UIInterfaceOrientationPortrait UIInterfaceOrientationPortraitUpsideDown";
				IPHONEOS_DEPLOYMENT_TARGET = 13.0;
				LD_RUNPATH_SEARCH_PATHS = (
					"$(inherited)",
					"@executable_path/Frameworks",
				);
				MARKETING_VERSION = 1.0;
				PRODUCT_BUNDLE_IDENTIFIER = DEVOgre.SwiftUIViewKitSampleApp;
				PRODUCT_NAME = "$(TARGET_NAME)";
				SUPPORTED_PLATFORMS = "iphoneos iphonesimulator";
				SUPPORTS_MACCATALYST = NO;
				SUPPORTS_MAC_DESIGNED_FOR_IPHONE_IPAD = NO;
				SWIFT_EMIT_LOC_STRINGS = YES;
				SWIFT_VERSION = 5.0;
				TARGETED_DEVICE_FAMILY = 1;
			};
			name = Release;
		};
/* End XCBuildConfiguration section */

/* Begin XCConfigurationList section */
		5D018E522995CE7100EC7C0B /* Build configuration list for PBXProject "SwiftUIViewKitSampleApp" */ = {
			isa = XCConfigurationList;
			buildConfigurations = (
				5D018E692995CE7300EC7C0B /* Debug */,
				5D018E6A2995CE7300EC7C0B /* Release */,
			);
			defaultConfigurationIsVisible = 0;
			defaultConfigurationName = Release;
		};
		5D018E6B2995CE7300EC7C0B /* Build configuration list for PBXNativeTarget "SwiftUIViewKitSampleApp" */ = {
			isa = XCConfigurationList;
			buildConfigurations = (
				5D018E6C2995CE7300EC7C0B /* Debug */,
				5D018E6D2995CE7300EC7C0B /* Release */,
			);
			defaultConfigurationIsVisible = 0;
			defaultConfigurationName = Release;
		};
/* End XCConfigurationList section */

/* Begin XCRemoteSwiftPackageReference section */
		5D066DE8299CBE09005A7B90 /* XCRemoteSwiftPackageReference "SwiftUIViewKit" */ = {
			isa = XCRemoteSwiftPackageReference;
			repositoryURL = "https://github.com/fallenlonelie/SwiftUIViewKit.git";
			requirement = {
				branch = main;
				kind = branch;
			};
		};
		5DFA663D2996144400A07A25 /* XCRemoteSwiftPackageReference "SnapKit" */ = {
			isa = XCRemoteSwiftPackageReference;
			repositoryURL = "https://github.com/SnapKit/SnapKit.git";
			requirement = {
				kind = upToNextMajorVersion;
				minimumVersion = 5.0.0;
			};
		};
		5DFA66402996145300A07A25 /* XCRemoteSwiftPackageReference "RxSwift" */ = {
			isa = XCRemoteSwiftPackageReference;
			repositoryURL = "https://github.com/ReactiveX/RxSwift.git";
			requirement = {
				kind = upToNextMajorVersion;
				minimumVersion = 6.0.0;
			};
		};
/* End XCRemoteSwiftPackageReference section */

/* Begin XCSwiftPackageProductDependency section */
		5D066DE9299CBE09005A7B90 /* SwiftUIViewKit */ = {
			isa = XCSwiftPackageProductDependency;
			package = 5D066DE8299CBE09005A7B90 /* XCRemoteSwiftPackageReference "SwiftUIViewKit" */;
			productName = SwiftUIViewKit;
		};
		5D8F8026299635EB00745DFA /* SwiftUIViewKit */ = {
			isa = XCSwiftPackageProductDependency;
			productName = SwiftUIViewKit;
		};
		5DFA66412996145300A07A25 /* RxCocoa */ = {
			isa = XCSwiftPackageProductDependency;
			package = 5DFA66402996145300A07A25 /* XCRemoteSwiftPackageReference "RxSwift" */;
			productName = RxCocoa;
		};
		5DFA66432996145300A07A25 /* RxRelay */ = {
			isa = XCSwiftPackageProductDependency;
			package = 5DFA66402996145300A07A25 /* XCRemoteSwiftPackageReference "RxSwift" */;
			productName = RxRelay;
		};
		5DFA66452996145300A07A25 /* RxSwift */ = {
			isa = XCSwiftPackageProductDependency;
			package = 5DFA66402996145300A07A25 /* XCRemoteSwiftPackageReference "RxSwift" */;
			productName = RxSwift;
		};
		5DFA664A29961AA800A07A25 /* SnapKit */ = {
			isa = XCSwiftPackageProductDependency;
			package = 5DFA663D2996144400A07A25 /* XCRemoteSwiftPackageReference "SnapKit" */;
			productName = SnapKit;
		};
/* End XCSwiftPackageProductDependency section */
	};
	rootObject = 5D018E4F2995CE7100EC7C0B /* Project object */;
}
